
Microsoft Visual Studio Solution File, Format Version 12.00
# Visual Studio Version 16
VisualStudioVersion = 16.0.29709.97
MinimumVisualStudioVersion = 10.0.40219.1
Project("{FAE04EC0-301F-11D3-BF4B-00C04F79EFBC}") = "ReactApp", "ReactApp\ReactApp.csproj", "{8CB0606C-ED52-4195-ACA4-EC53D7D260D7}"
EndProject
Global
	GlobalSection(SolutionConfigurationPlatforms) = preSolution
		Debug|Any CPU = Debug|Any CPU
		Release|Any CPU = Release|Any CPU
	EndGlobalSection
	GlobalSection(ProjectConfigurationPlatforms) = postSolution
		{8CB0606C-ED52-4195-ACA4-EC53D7D260D7}.Debug|Any CPU.ActiveCfg = Debug|Any CPU
		{8CB0606C-ED52-4195-ACA4-EC53D7D260D7}.Debug|Any CPU.Build.0 = Debug|Any CPU
		{8CB0606C-ED52-4195-ACA4-EC53D7D260D7}.Release|Any CPU.ActiveCfg = Release|Any CPU
		{8CB0606C-ED52-4195-ACA4-EC53D7D260D7}.Release|Any CPU.Build.0 = Release|Any CPU
	EndGlobalSection
	GlobalSection(SolutionProperties) = preSolution
		HideSolutionNode = FALSE
	EndGlobalSection
	GlobalSection(ExtensibilityGlobals) = postSolution
		SolutionGuid = {0077D88D-F96E-4E27-A1F9-7A88A27D6BAF}
	EndGlobalSection
EndGlobal
